
Microsoft Visual Studio Solution File, Format Version 12.00
# Visual Studio Version 17
VisualStudioVersion = 17.2.32519.379
MinimumVisualStudioVersion = 10.0.40219.1
Project("{FAE04EC0-301F-11D3-BF4B-00C04F79EFBC}") = "GraRPG", "GraRPG\GraRPG.csproj", "{01D3F57F-8DF0-40E7-97B4-CED5F8B7DB2A}"
EndProject
Global
	GlobalSection(SolutionConfigurationPlatforms) = preSolution
		Debug|Any CPU = Debug|Any CPU
		Release|Any CPU = Release|Any CPU
	EndGlobalSection
	GlobalSection(ProjectConfigurationPlatforms) = postSolution
		{01D3F57F-8DF0-40E7-97B4-CED5F8B7DB2A}.Debug|Any CPU.ActiveCfg = Debug|Any CPU
		{01D3F57F-8DF0-40E7-97B4-CED5F8B7DB2A}.Debug|Any CPU.Build.0 = Debug|Any CPU
		{01D3F57F-8DF0-40E7-97B4-CED5F8B7DB2A}.Release|Any CPU.ActiveCfg = Release|Any CPU
		{01D3F57F-8DF0-40E7-97B4-CED5F8B7DB2A}.Release|Any CPU.Build.0 = Release|Any CPU
	EndGlobalSection
	GlobalSection(SolutionProperties) = preSolution
		HideSolutionNode = FALSE
	EndGlobalSection
	GlobalSection(ExtensibilityGlobals) = postSolution
		SolutionGuid = {FE7B3415-CB53-42DD-924F-4F279F4508F4}
	EndGlobalSection
EndGlobal
